
Microsoft Visual Studio Solution File, Format Version 12.00
# Visual Studio Version 16
VisualStudioVersion = 16.0.30611.23
MinimumVisualStudioVersion = 10.0.40219.1
Project("{9A19103F-16F7-4668-BE54-9A1E7A4F7556}") = "First", "First.csproj", "{3208592C-FD2B-4F61-BC71-255B9FA85EBB}"
EndProject
Global
	GlobalSection(SolutionConfigurationPlatforms) = preSolution
		Debug|Any CPU = Debug|Any CPU
		Release|Any CPU = Release|Any CPU
	EndGlobalSection
	GlobalSection(ProjectConfigurationPlatforms) = postSolution
		{3208592C-FD2B-4F61-BC71-255B9FA85EBB}.Debug|Any CPU.ActiveCfg = Debug|Any CPU
		{3208592C-FD2B-4F61-BC71-255B9FA85EBB}.Debug|Any CPU.Build.0 = Debug|Any CPU
		{3208592C-FD2B-4F61-BC71-255B9FA85EBB}.Release|Any CPU.ActiveCfg = Release|Any CPU
		{3208592C-FD2B-4F61-BC71-255B9FA85EBB}.Release|Any CPU.Build.0 = Release|Any CPU
	EndGlobalSection
	GlobalSection(SolutionProperties) = preSolution
		HideSolutionNode = FALSE
	EndGlobalSection
	GlobalSection(ExtensibilityGlobals) = postSolution
		SolutionGuid = {E312A7C1-963C-4525-98EE-E7F2F570855A}
	EndGlobalSection
EndGlobal
